
Microsoft Visual Studio Solution File, Format Version 12.00
# Visual Studio 14
VisualStudioVersion = 14.0.22609.0
MinimumVisualStudioVersion = 10.0.40219.1
Project("{8BC9CEB8-8B4A-11D0-8D11-00A0C91BC942}") = "AxUtils", "AxUtils.vcxproj", "{15F02E9F-96B4-44C7-8102-F4B3C6679789}"
EndProject
Project("{8BC9CEB8-8B4A-11D0-8D11-00A0C91BC942}") = "HttpServer", "http_server\http_server.vcxproj", "{FC1701F5-07C5-451A-AA8C-4875C7805130}"
EndProject
Project("{8BC9CEB8-8B4A-11D0-8D11-00A0C91BC942}") = "Tests", "other_tests\other_tests.vcxproj", "{1737DA96-D347-45B6-A212-A587C6C6894C}"
EndProject
Global
	GlobalSection(SolutionConfigurationPlatforms) = preSolution
		Debug|x64 = Debug|x64
		Debug|x86 = Debug|x86
		Release|x64 = Release|x64
		Release|x86 = Release|x86
	EndGlobalSection
	GlobalSection(ProjectConfigurationPlatforms) = postSolution
		{15F02E9F-96B4-44C7-8102-F4B3C6679789}.Debug|x64.ActiveCfg = Debug|x64
		{15F02E9F-96B4-44C7-8102-F4B3C6679789}.Debug|x64.Build.0 = Debug|x64
		{15F02E9F-96B4-44C7-8102-F4B3C6679789}.Debug|x86.ActiveCfg = Debug|Win32
		{15F02E9F-96B4-44C7-8102-F4B3C6679789}.Debug|x86.Build.0 = Debug|Win32
		{15F02E9F-96B4-44C7-8102-F4B3C6679789}.Release|x64.ActiveCfg = Release|x64
		{15F02E9F-96B4-44C7-8102-F4B3C6679789}.Release|x64.Build.0 = Release|x64
		{15F02E9F-96B4-44C7-8102-F4B3C6679789}.Release|x86.ActiveCfg = Release|Win32
		{15F02E9F-96B4-44C7-8102-F4B3C6679789}.Release|x86.Build.0 = Release|Win32
		{FC1701F5-07C5-451A-AA8C-4875C7805130}.Debug|x64.ActiveCfg = Debug|x64
		{FC1701F5-07C5-451A-AA8C-4875C7805130}.Debug|x64.Build.0 = Debug|x64
		{FC1701F5-07C5-451A-AA8C-4875C7805130}.Debug|x86.ActiveCfg = Debug|Win32
		{FC1701F5-07C5-451A-AA8C-4875C7805130}.Debug|x86.Build.0 = Debug|Win32
		{FC1701F5-07C5-451A-AA8C-4875C7805130}.Release|x64.ActiveCfg = Release|x64
		{FC1701F5-07C5-451A-AA8C-4875C7805130}.Release|x64.Build.0 = Release|x64
		{FC1701F5-07C5-451A-AA8C-4875C7805130}.Release|x86.ActiveCfg = Release|Win32
		{FC1701F5-07C5-451A-AA8C-4875C7805130}.Release|x86.Build.0 = Release|Win32
		{1737DA96-D347-45B6-A212-A587C6C6894C}.Debug|x64.ActiveCfg = Debug|x64
		{1737DA96-D347-45B6-A212-A587C6C6894C}.Debug|x64.Build.0 = Debug|x64
		{1737DA96-D347-45B6-A212-A587C6C6894C}.Debug|x86.ActiveCfg = Debug|Win32
		{1737DA96-D347-45B6-A212-A587C6C6894C}.Debug|x86.Build.0 = Debug|Win32
		{1737DA96-D347-45B6-A212-A587C6C6894C}.Release|x64.ActiveCfg = Release|x64
		{1737DA96-D347-45B6-A212-A587C6C6894C}.Release|x64.Build.0 = Release|x64
		{1737DA96-D347-45B6-A212-A587C6C6894C}.Release|x86.ActiveCfg = Release|Win32
		{1737DA96-D347-45B6-A212-A587C6C6894C}.Release|x86.Build.0 = Release|Win32
	EndGlobalSection
	GlobalSection(SolutionProperties) = preSolution
		HideSolutionNode = FALSE
	EndGlobalSection
EndGlobal
